// !$*UTF8*$!
{
	archiveVersion = 1;
	classes = {
	};
	objectVersion = 55;
	objects = {

/* Begin PBXBuildFile section */
		9A184612275F4AD500311D6F /* MyRecipesApp.swift in Sources */ = {isa = PBXBuildFile; fileRef = 9A184611275F4AD500311D6F /* MyRecipesApp.swift */; };
		9A184614275F4AD500311D6F /* ContentView.swift in Sources */ = {isa = PBXBuildFile; fileRef = 9A184613275F4AD500311D6F /* ContentView.swift */; };
		9A184616275F4AD800311D6F /* Assets.xcassets in Resources */ = {isa = PBXBuildFile; fileRef = 9A184615275F4AD800311D6F /* Assets.xcassets */; };
		9A184619275F4AD800311D6F /* Preview Assets.xcassets in Resources */ = {isa = PBXBuildFile; fileRef = 9A184618275F4AD800311D6F /* Preview Assets.xcassets */; };
		9A184621275F522700311D6F /* SignView.swift in Sources */ = {isa = PBXBuildFile; fileRef = 9A184620275F522700311D6F /* SignView.swift */; };
		9A184623275F83CF00311D6F /* LoginView.swift in Sources */ = {isa = PBXBuildFile; fileRef = 9A184622275F83CF00311D6F /* LoginView.swift */; };
		9A184625275F855800311D6F /* SignUpView.swift in Sources */ = {isa = PBXBuildFile; fileRef = 9A184624275F855800311D6F /* SignUpView.swift */; };
		9A184628275F934100311D6F /* UserModel.swift in Sources */ = {isa = PBXBuildFile; fileRef = 9A184627275F934100311D6F /* UserModel.swift */; };
		9A18462C275F994200311D6F /* GoogleService-Info.plist in Resources */ = {isa = PBXBuildFile; fileRef = 9A18462B275F994200311D6F /* GoogleService-Info.plist */; };
		E8DC2204D0FE1935AC9FA6AE /* Pods_MyRecipes.framework in Frameworks */ = {isa = PBXBuildFile; fileRef = D49E7124A407EE208A2618AC /* Pods_MyRecipes.framework */; };
/* End PBXBuildFile section */

/* Begin PBXFileReference section */
		55F2D745256AAA68D2AF733B /* Pods-MyRecipes.release.xcconfig */ = {isa = PBXFileReference; includeInIndex = 1; lastKnownFileType = text.xcconfig; name = "Pods-MyRecipes.release.xcconfig"; path = "Target Support Files/Pods-MyRecipes/Pods-MyRecipes.release.xcconfig"; sourceTree = "<group>"; };
		9A18460E275F4AD500311D6F /* MyRecipes.app */ = {isa = PBXFileReference; explicitFileType = wrapper.application; includeInIndex = 0; path = MyRecipes.app; sourceTree = BUILT_PRODUCTS_DIR; };
		9A184611275F4AD500311D6F /* MyRecipesApp.swift */ = {isa = PBXFileReference; lastKnownFileType = sourcecode.swift; path = MyRecipesApp.swift; sourceTree = "<group>"; };
		9A184613275F4AD500311D6F /* ContentView.swift */ = {isa = PBXFileReference; lastKnownFileType = sourcecode.swift; path = ContentView.swift; sourceTree = "<group>"; };
		9A184615275F4AD800311D6F /* Assets.xcassets */ = {isa = PBXFileReference; lastKnownFileType = folder.assetcatalog; path = Assets.xcassets; sourceTree = "<group>"; };
		9A184618275F4AD800311D6F /* Preview Assets.xcassets */ = {isa = PBXFileReference; lastKnownFileType = folder.assetcatalog; path = "Preview Assets.xcassets"; sourceTree = "<group>"; };
		9A184620275F522700311D6F /* SignView.swift */ = {isa = PBXFileReference; lastKnownFileType = sourcecode.swift; path = SignView.swift; sourceTree = "<group>"; };
		9A184622275F83CF00311D6F /* LoginView.swift */ = {isa = PBXFileReference; lastKnownFileType = sourcecode.swift; path = LoginView.swift; sourceTree = "<group>"; };
		9A184624275F855800311D6F /* SignUpView.swift */ = {isa = PBXFileReference; lastKnownFileType = sourcecode.swift; path = SignUpView.swift; sourceTree = "<group>"; };
		9A184627275F934100311D6F /* UserModel.swift */ = {isa = PBXFileReference; lastKnownFileType = sourcecode.swift; path = UserModel.swift; sourceTree = "<group>"; };
		9A18462B275F994200311D6F /* GoogleService-Info.plist */ = {isa = PBXFileReference; fileEncoding = 4; lastKnownFileType = text.plist.xml; path = "GoogleService-Info.plist"; sourceTree = "<group>"; };
		B13A72C1F4A7FCFD29DD2BC2 /* Pods-MyRecipes.debug.xcconfig */ = {isa = PBXFileReference; includeInIndex = 1; lastKnownFileType = text.xcconfig; name = "Pods-MyRecipes.debug.xcconfig"; path = "Target Support Files/Pods-MyRecipes/Pods-MyRecipes.debug.xcconfig"; sourceTree = "<group>"; };
		D49E7124A407EE208A2618AC /* Pods_MyRecipes.framework */ = {isa = PBXFileReference; explicitFileType = wrapper.framework; includeInIndex = 0; path = Pods_MyRecipes.framework; sourceTree = BUILT_PRODUCTS_DIR; };
/* End PBXFileReference section */

/* Begin PBXFrameworksBuildPhase section */
		9A18460B275F4AD500311D6F /* Frameworks */ = {
			isa = PBXFrameworksBuildPhase;
			buildActionMask = 2147483647;
			files = (
				E8DC2204D0FE1935AC9FA6AE /* Pods_MyRecipes.framework in Frameworks */,
			);
			runOnlyForDeploymentPostprocessing = 0;
		};
/* End PBXFrameworksBuildPhase section */

/* Begin PBXGroup section */
		1E00A3D722AD20F122F1AF47 /* Pods */ = {
			isa = PBXGroup;
			children = (
				B13A72C1F4A7FCFD29DD2BC2 /* Pods-MyRecipes.debug.xcconfig */,
				55F2D745256AAA68D2AF733B /* Pods-MyRecipes.release.xcconfig */,
			);
			path = Pods;
			sourceTree = "<group>";
		};
		478FA6D71112E72104885955 /* Frameworks */ = {
			isa = PBXGroup;
			children = (
				D49E7124A407EE208A2618AC /* Pods_MyRecipes.framework */,
			);
			name = Frameworks;
			sourceTree = "<group>";
		};
		9A184605275F4AD500311D6F = {
			isa = PBXGroup;
			children = (
				9A184610275F4AD500311D6F /* MyRecipes */,
				9A18460F275F4AD500311D6F /* Products */,
				1E00A3D722AD20F122F1AF47 /* Pods */,
				478FA6D71112E72104885955 /* Frameworks */,
			);
			sourceTree = "<group>";
		};
		9A18460F275F4AD500311D6F /* Products */ = {
			isa = PBXGroup;
			children = (
				9A18460E275F4AD500311D6F /* MyRecipes.app */,
			);
			name = Products;
			sourceTree = "<group>";
		};
		9A184610275F4AD500311D6F /* MyRecipes */ = {
			isa = PBXGroup;
			children = (
				9A18462A275F96C800311D6F /* ViewModel */,
				9A184626275F933100311D6F /* Model */,
				9A18461F275F51EE00311D6F /* View */,
				9A184611275F4AD500311D6F /* MyRecipesApp.swift */,
				9A184613275F4AD500311D6F /* ContentView.swift */,
				9A184615275F4AD800311D6F /* Assets.xcassets */,
				9A18462B275F994200311D6F /* GoogleService-Info.plist */,
				9A184617275F4AD800311D6F /* Preview Content */,
			);
			path = MyRecipes;
			sourceTree = "<group>";
		};
		9A184617275F4AD800311D6F /* Preview Content */ = {
			isa = PBXGroup;
			children = (
				9A184618275F4AD800311D6F /* Preview Assets.xcassets */,
			);
			path = "Preview Content";
			sourceTree = "<group>";
		};
		9A18461F275F51EE00311D6F /* View */ = {
			isa = PBXGroup;
			children = (
				9A184629275F955600311D6F /* Auth */,
			);
			path = View;
			sourceTree = "<group>";
		};
		9A184626275F933100311D6F /* Model */ = {
			isa = PBXGroup;
			children = (
				9A184627275F934100311D6F /* UserModel.swift */,
			);
			path = Model;
			sourceTree = "<group>";
		};
		9A184629275F955600311D6F /* Auth */ = {
			isa = PBXGroup;
			children = (
				9A184620275F522700311D6F /* SignView.swift */,
				9A184622275F83CF00311D6F /* LoginView.swift */,
				9A184624275F855800311D6F /* SignUpView.swift */,
			);
			path = Auth;
			sourceTree = "<group>";
		};
		9A18462A275F96C800311D6F /* ViewModel */ = {
			isa = PBXGroup;
			children = (
			);
			path = ViewModel;
			sourceTree = "<group>";
		};
/* End PBXGroup section */

/* Begin PBXNativeTarget section */
		9A18460D275F4AD500311D6F /* MyRecipes */ = {
			isa = PBXNativeTarget;
			buildConfigurationList = 9A18461C275F4AD800311D6F /* Build configuration list for PBXNativeTarget "MyRecipes" */;
			buildPhases = (
				F6B7131579F1F9239E353D57 /* [CP] Check Pods Manifest.lock */,
				9A18460A275F4AD500311D6F /* Sources */,
				9A18460B275F4AD500311D6F /* Frameworks */,
				9A18460C275F4AD500311D6F /* Resources */,
				FD2DD17D05FA28516C08B569 /* [CP] Embed Pods Frameworks */,
			);
			buildRules = (
			);
			dependencies = (
			);
			name = MyRecipes;
			productName = MyRecipes;
			productReference = 9A18460E275F4AD500311D6F /* MyRecipes.app */;
			productType = "com.apple.product-type.application";
		};
/* End PBXNativeTarget section */

/* Begin PBXProject section */
		9A184606275F4AD500311D6F /* Project object */ = {
			isa = PBXProject;
			attributes = {
				BuildIndependentTargetsInParallel = 1;
				LastSwiftUpdateCheck = 1300;
				LastUpgradeCheck = 1300;
				TargetAttributes = {
					9A18460D275F4AD500311D6F = {
						CreatedOnToolsVersion = 13.0;
					};
				};
			};
			buildConfigurationList = 9A184609275F4AD500311D6F /* Build configuration list for PBXProject "MyRecipes" */;
			compatibilityVersion = "Xcode 13.0";
			developmentRegion = en;
			hasScannedForEncodings = 0;
			knownRegions = (
				en,
				Base,
			);
			mainGroup = 9A184605275F4AD500311D6F;
			productRefGroup = 9A18460F275F4AD500311D6F /* Products */;
			projectDirPath = "";
			projectRoot = "";
			targets = (
				9A18460D275F4AD500311D6F /* MyRecipes */,
			);
		};
/* End PBXProject section */

/* Begin PBXResourcesBuildPhase section */
		9A18460C275F4AD500311D6F /* Resources */ = {
			isa = PBXResourcesBuildPhase;
			buildActionMask = 2147483647;
			files = (
				9A184619275F4AD800311D6F /* Preview Assets.xcassets in Resources */,
				9A184616275F4AD800311D6F /* Assets.xcassets in Resources */,
				9A18462C275F994200311D6F /* GoogleService-Info.plist in Resources */,
			);
			runOnlyForDeploymentPostprocessing = 0;
		};
/* End PBXResourcesBuildPhase section */

/* Begin PBXShellScriptBuildPhase section */
		F6B7131579F1F9239E353D57 /* [CP] Check Pods Manifest.lock */ = {
			isa = PBXShellScriptBuildPhase;
			buildActionMask = 2147483647;
			files = (
			);
			inputFileListPaths = (
			);
			inputPaths = (
				"${PODS_PODFILE_DIR_PATH}/Podfile.lock",
				"${PODS_ROOT}/Manifest.lock",
			);
			name = "[CP] Check Pods Manifest.lock";
			outputFileListPaths = (
			);
			outputPaths = (
				"$(DERIVED_FILE_DIR)/Pods-MyRecipes-checkManifestLockResult.txt",
			);
			runOnlyForDeploymentPostprocessing = 0;
			shellPath = /bin/sh;
			shellScript = "diff \"${PODS_PODFILE_DIR_PATH}/Podfile.lock\" \"${PODS_ROOT}/Manifest.lock\" > /dev/null\nif [ $? != 0 ] ; then\n    # print error to STDERR\n    echo \"error: The sandbox is not in sync with the Podfile.lock. Run 'pod install' or update your CocoaPods installation.\" >&2\n    exit 1\nfi\n# This output is used by Xcode 'outputs' to avoid re-running this script phase.\necho \"SUCCESS\" > \"${SCRIPT_OUTPUT_FILE_0}\"\n";
			showEnvVarsInLog = 0;
		};
		FD2DD17D05FA28516C08B569 /* [CP] Embed Pods Frameworks */ = {
			isa = PBXShellScriptBuildPhase;
			buildActionMask = 2147483647;
			files = (
			);
			inputFileListPaths = (
				"${PODS_ROOT}/Target Support Files/Pods-MyRecipes/Pods-MyRecipes-frameworks-${CONFIGURATION}-input-files.xcfilelist",
			);
			name = "[CP] Embed Pods Frameworks";
			outputFileListPaths = (
				"${PODS_ROOT}/Target Support Files/Pods-MyRecipes/Pods-MyRecipes-frameworks-${CONFIGURATION}-output-files.xcfilelist",
			);
			runOnlyForDeploymentPostprocessing = 0;
			shellPath = /bin/sh;
			shellScript = "\"${PODS_ROOT}/Target Support Files/Pods-MyRecipes/Pods-MyRecipes-frameworks.sh\"\n";
			showEnvVarsInLog = 0;
		};
/* End PBXShellScriptBuildPhase section */

/* Begin PBXSourcesBuildPhase section */
		9A18460A275F4AD500311D6F /* Sources */ = {
			isa = PBXSourcesBuildPhase;
			buildActionMask = 2147483647;
			files = (
				9A184621275F522700311D6F /* SignView.swift in Sources */,
				9A184625275F855800311D6F /* SignUpView.swift in Sources */,
				9A184614275F4AD500311D6F /* ContentView.swift in Sources */,
				9A184623275F83CF00311D6F /* LoginView.swift in Sources */,
				9A184628275F934100311D6F /* UserModel.swift in Sources */,
				9A184612275F4AD500311D6F /* MyRecipesApp.swift in Sources */,
			);
			runOnlyForDeploymentPostprocessing = 0;
		};
/* End PBXSourcesBuildPhase section */

/* Begin XCBuildConfiguration section */
		9A18461A275F4AD800311D6F /* Debug */ = {
			isa = XCBuildConfiguration;
			buildSettings = {
				ALWAYS_SEARCH_USER_PATHS = NO;
				CLANG_ANALYZER_NONNULL = YES;
				CLANG_ANALYZER_NUMBER_OBJECT_CONVERSION = YES_AGGRESSIVE;
				CLANG_CXX_LANGUAGE_STANDARD = "gnu++17";
				CLANG_CXX_LIBRARY = "libc++";
				CLANG_ENABLE_MODULES = YES;
				CLANG_ENABLE_OBJC_ARC = YES;
				CLANG_ENABLE_OBJC_WEAK = YES;
				CLANG_WARN_BLOCK_CAPTURE_AUTORELEASING = YES;
				CLANG_WARN_BOOL_CONVERSION = YES;
				CLANG_WARN_COMMA = YES;
				CLANG_WARN_CONSTANT_CONVERSION = YES;
				CLANG_WARN_DEPRECATED_OBJC_IMPLEMENTATIONS = YES;
				CLANG_WARN_DIRECT_OBJC_ISA_USAGE = YES_ERROR;
				CLANG_WARN_DOCUMENTATION_COMMENTS = YES;
				CLANG_WARN_EMPTY_BODY = YES;
				CLANG_WARN_ENUM_CONVERSION = YES;
				CLANG_WARN_INFINITE_RECURSION = YES;
				CLANG_WARN_INT_CONVERSION = YES;
				CLANG_WARN_NON_LITERAL_NULL_CONVERSION = YES;
				CLANG_WARN_OBJC_IMPLICIT_RETAIN_SELF = YES;
				CLANG_WARN_OBJC_LITERAL_CONVERSION = YES;
				CLANG_WARN_OBJC_ROOT_CLASS = YES_ERROR;
				CLANG_WARN_QUOTED_INCLUDE_IN_FRAMEWORK_HEADER = YES;
				CLANG_WARN_RANGE_LOOP_ANALYSIS = YES;
				CLANG_WARN_STRICT_PROTOTYPES = YES;
				CLANG_WARN_SUSPICIOUS_MOVE = YES;
				CLANG_WARN_UNGUARDED_AVAILABILITY = YES_AGGRESSIVE;
				CLANG_WARN_UNREACHABLE_CODE = YES;
				CLANG_WARN__DUPLICATE_METHOD_MATCH = YES;
				COPY_PHASE_STRIP = NO;
				DEBUG_INFORMATION_FORMAT = dwarf;
				ENABLE_STRICT_OBJC_MSGSEND = YES;
				ENABLE_TESTABILITY = YES;
				GCC_C_LANGUAGE_STANDARD = gnu11;
				GCC_DYNAMIC_NO_PIC = NO;
				GCC_NO_COMMON_BLOCKS = YES;
				GCC_OPTIMIZATION_LEVEL = 0;
				GCC_PREPROCESSOR_DEFINITIONS = (
					"DEBUG=1",
					"$(inherited)",
				);
				GCC_WARN_64_TO_32_BIT_CONVERSION = YES;
				GCC_WARN_ABOUT_RETURN_TYPE = YES_ERROR;
				GCC_WARN_UNDECLARED_SELECTOR = YES;
				GCC_WARN_UNINITIALIZED_AUTOS = YES_AGGRESSIVE;
				GCC_WARN_UNUSED_FUNCTION = YES;
				GCC_WARN_UNUSED_VARIABLE = YES;
				IPHONEOS_DEPLOYMENT_TARGET = 15.0;
				MTL_ENABLE_DEBUG_INFO = INCLUDE_SOURCE;
				MTL_FAST_MATH = YES;
				ONLY_ACTIVE_ARCH = YES;
				SDKROOT = iphoneos;
				SWIFT_ACTIVE_COMPILATION_CONDITIONS = DEBUG;
				SWIFT_OPTIMIZATION_LEVEL = "-Onone";
			};
			name = Debug;
		};
		9A18461B275F4AD800311D6F /* Release */ = {
			isa = XCBuildConfiguration;
			buildSettings = {
				ALWAYS_SEARCH_USER_PATHS = NO;
				CLANG_ANALYZER_NONNULL = YES;
				CLANG_ANALYZER_NUMBER_OBJECT_CONVERSION = YES_AGGRESSIVE;
				CLANG_CXX_LANGUAGE_STANDARD = "gnu++17";
				CLANG_CXX_LIBRARY = "libc++";
				CLANG_ENABLE_MODULES = YES;
				CLANG_ENABLE_OBJC_ARC = YES;
				CLANG_ENABLE_OBJC_WEAK = YES;
				CLANG_WARN_BLOCK_CAPTURE_AUTORELEASING = YES;
				CLANG_WARN_BOOL_CONVERSION = YES;
				CLANG_WARN_COMMA = YES;
				CLANG_WARN_CONSTANT_CONVERSION = YES;
				CLANG_WARN_DEPRECATED_OBJC_IMPLEMENTATIONS = YES;
				CLANG_WARN_DIRECT_OBJC_ISA_USAGE = YES_ERROR;
				CLANG_WARN_DOCUMENTATION_COMMENTS = YES;
				CLANG_WARN_EMPTY_BODY = YES;
				CLANG_WARN_ENUM_CONVERSION = YES;
				CLANG_WARN_INFINITE_RECURSION = YES;
				CLANG_WARN_INT_CONVERSION = YES;
				CLANG_WARN_NON_LITERAL_NULL_CONVERSION = YES;
				CLANG_WARN_OBJC_IMPLICIT_RETAIN_SELF = YES;
				CLANG_WARN_OBJC_LITERAL_CONVERSION = YES;
				CLANG_WARN_OBJC_ROOT_CLASS = YES_ERROR;
				CLANG_WARN_QUOTED_INCLUDE_IN_FRAMEWORK_HEADER = YES;
				CLANG_WARN_RANGE_LOOP_ANALYSIS = YES;
				CLANG_WARN_STRICT_PROTOTYPES = YES;
				CLANG_WARN_SUSPICIOUS_MOVE = YES;
				CLANG_WARN_UNGUARDED_AVAILABILITY = YES_AGGRESSIVE;
				CLANG_WARN_UNREACHABLE_CODE = YES;
				CLANG_WARN__DUPLICATE_METHOD_MATCH = YES;
				COPY_PHASE_STRIP = NO;
				DEBUG_INFORMATION_FORMAT = "dwarf-with-dsym";
				ENABLE_NS_ASSERTIONS = NO;
				ENABLE_STRICT_OBJC_MSGSEND = YES;
				GCC_C_LANGUAGE_STANDARD = gnu11;
				GCC_NO_COMMON_BLOCKS = YES;
				GCC_WARN_64_TO_32_BIT_CONVERSION = YES;
				GCC_WARN_ABOUT_RETURN_TYPE = YES_ERROR;
				GCC_WARN_UNDECLARED_SELECTOR = YES;
				GCC_WARN_UNINITIALIZED_AUTOS = YES_AGGRESSIVE;
				GCC_WARN_UNUSED_FUNCTION = YES;
				GCC_WARN_UNUSED_VARIABLE = YES;
				IPHONEOS_DEPLOYMENT_TARGET = 15.0;
				MTL_ENABLE_DEBUG_INFO = NO;
				MTL_FAST_MATH = YES;
				SDKROOT = iphoneos;
				SWIFT_COMPILATION_MODE = wholemodule;
				SWIFT_OPTIMIZATION_LEVEL = "-O";
				VALIDATE_PRODUCT = YES;
			};
			name = Release;
		};
		9A18461D275F4AD800311D6F /* Debug */ = {
			isa = XCBuildConfiguration;
			baseConfigurationReference = B13A72C1F4A7FCFD29DD2BC2 /* Pods-MyRecipes.debug.xcconfig */;
			buildSettings = {
				ASSETCATALOG_COMPILER_APPICON_NAME = AppIcon;
				ASSETCATALOG_COMPILER_GLOBAL_ACCENT_COLOR_NAME = AccentColor;
				CODE_SIGN_STYLE = Automatic;
				CURRENT_PROJECT_VERSION = 1;
				DEVELOPMENT_ASSET_PATHS = "\"MyRecipes/Preview Content\"";
				DEVELOPMENT_TEAM = 3Y87VJ4TZ8;
				ENABLE_PREVIEWS = YES;
				GENERATE_INFOPLIST_FILE = YES;
				INFOPLIST_KEY_UIApplicationSceneManifest_Generation = YES;
				INFOPLIST_KEY_UIApplicationSupportsIndirectInputEvents = YES;
				INFOPLIST_KEY_UILaunchScreen_Generation = YES;
				INFOPLIST_KEY_UISupportedInterfaceOrientations_iPad = "UIInterfaceOrientationPortrait UIInterfaceOrientationPortraitUpsideDown UIInterfaceOrientationLandscapeLeft UIInterfaceOrientationLandscapeRight";
				INFOPLIST_KEY_UISupportedInterfaceOrientations_iPhone = "UIInterfaceOrientationPortrait UIInterfaceOrientationLandscapeLeft UIInterfaceOrientationLandscapeRight";
				IPHONEOS_DEPLOYMENT_TARGET = 14.0;
				LD_RUNPATH_SEARCH_PATHS = (
					"$(inherited)",
					"@executable_path/Frameworks",
				);
				MARKETING_VERSION = 1.0;
				PRODUCT_BUNDLE_IDENTIFIER = haju.project.MyRecipes;
				PRODUCT_NAME = "$(TARGET_NAME)";
				SWIFT_EMIT_LOC_STRINGS = YES;
				SWIFT_VERSION = 5.0;
				TARGETED_DEVICE_FAMILY = "1,2";
			};
			name = Debug;
		};
		9A18461E275F4AD800311D6F /* Release */ = {
			isa = XCBuildConfiguration;
			baseConfigurationReference = 55F2D745256AAA68D2AF733B /* Pods-MyRecipes.release.xcconfig */;
			buildSettings = {
				ASSETCATALOG_COMPILER_APPICON_NAME = AppIcon;
				ASSETCATALOG_COMPILER_GLOBAL_ACCENT_COLOR_NAME = AccentColor;
				CODE_SIGN_STYLE = Automatic;
				CURRENT_PROJECT_VERSION = 1;
				DEVELOPMENT_ASSET_PATHS = "\"MyRecipes/Preview Content\"";
				DEVELOPMENT_TEAM = 3Y87VJ4TZ8;
				ENABLE_PREVIEWS = YES;
				GENERATE_INFOPLIST_FILE = YES;
				INFOPLIST_KEY_UIApplicationSceneManifest_Generation = YES;
				INFOPLIST_KEY_UIApplicationSupportsIndirectInputEvents = YES;
				INFOPLIST_KEY_UILaunchScreen_Generation = YES;
				INFOPLIST_KEY_UISupportedInterfaceOrientations_iPad = "UIInterfaceOrientationPortrait UIInterfaceOrientationPortraitUpsideDown UIInterfaceOrientationLandscapeLeft UIInterfaceOrientationLandscapeRight";
				INFOPLIST_KEY_UISupportedInterfaceOrientations_iPhone = "UIInterfaceOrientationPortrait UIInterfaceOrientationLandscapeLeft UIInterfaceOrientationLandscapeRight";
				IPHONEOS_DEPLOYMENT_TARGET = 14.0;
				LD_RUNPATH_SEARCH_PATHS = (
					"$(inherited)",
					"@executable_path/Frameworks",
				);
				MARKETING_VERSION = 1.0;
				PRODUCT_BUNDLE_IDENTIFIER = haju.project.MyRecipes;
				PRODUCT_NAME = "$(TARGET_NAME)";
				SWIFT_EMIT_LOC_STRINGS = YES;
				SWIFT_VERSION = 5.0;
				TARGETED_DEVICE_FAMILY = "1,2";
			};
			name = Release;
		};
/* End XCBuildConfiguration section */

/* Begin XCConfigurationList section */
		9A184609275F4AD500311D6F /* Build configuration list for PBXProject "MyRecipes" */ = {
			isa = XCConfigurationList;
			buildConfigurations = (
				9A18461A275F4AD800311D6F /* Debug */,
				9A18461B275F4AD800311D6F /* Release */,
			);
			defaultConfigurationIsVisible = 0;
			defaultConfigurationName = Release;
		};
		9A18461C275F4AD800311D6F /* Build configuration list for PBXNativeTarget "MyRecipes" */ = {
			isa = XCConfigurationList;
			buildConfigurations = (
				9A18461D275F4AD800311D6F /* Debug */,
				9A18461E275F4AD800311D6F /* Release */,
			);
			defaultConfigurationIsVisible = 0;
			defaultConfigurationName = Release;
		};
/* End XCConfigurationList section */
	};
	rootObject = 9A184606275F4AD500311D6F /* Project object */;
}
